
Microsoft Visual Studio Solution File, Format Version 12.00
# Visual Studio Version 17
VisualStudioVersion = 17.5.33516.290
MinimumVisualStudioVersion = 10.0.40219.1
Project("{FAE04EC0-301F-11D3-BF4B-00C04F79EFBC}") = "Scanflow.Xamarin", "Scanflow.Xamarin.Android\Scanflow.Xamarin.csproj", "{1EDE9B0B-EC6C-438B-AD35-0D5088B62929}"
EndProject
Project("{FAE04EC0-301F-11D3-BF4B-00C04F79EFBC}") = "Scanflow.Xamarin.Native.iOS", "Scanflow.Xamarin.Native.iOS\Scanflow.Xamarin.Native.iOS.csproj", "{FAF6B00C-F183-44A8-A30F-4BC43A5DDBF5}"
EndProject
Global
	GlobalSection(SolutionConfigurationPlatforms) = preSolution
		Debug|Any CPU = Debug|Any CPU
		Debug|iPhone = Debug|iPhone
		Debug|iPhoneSimulator = Debug|iPhoneSimulator
		Release|Any CPU = Release|Any CPU
		Release|iPhone = Release|iPhone
		Release|iPhoneSimulator = Release|iPhoneSimulator
	EndGlobalSection
	GlobalSection(ProjectConfigurationPlatforms) = postSolution
		{1EDE9B0B-EC6C-438B-AD35-0D5088B62929}.Debug|Any CPU.ActiveCfg = Debug|Any CPU
		{1EDE9B0B-EC6C-438B-AD35-0D5088B62929}.Debug|Any CPU.Build.0 = Debug|Any CPU
		{1EDE9B0B-EC6C-438B-AD35-0D5088B62929}.Debug|iPhone.ActiveCfg = Debug|Any CPU
		{1EDE9B0B-EC6C-438B-AD35-0D5088B62929}.Debug|iPhone.Build.0 = Debug|Any CPU
		{1EDE9B0B-EC6C-438B-AD35-0D5088B62929}.Debug|iPhoneSimulator.ActiveCfg = Debug|Any CPU
		{1EDE9B0B-EC6C-438B-AD35-0D5088B62929}.Debug|iPhoneSimulator.Build.0 = Debug|Any CPU
		{1EDE9B0B-EC6C-438B-AD35-0D5088B62929}.Release|Any CPU.ActiveCfg = Release|Any CPU
		{1EDE9B0B-EC6C-438B-AD35-0D5088B62929}.Release|Any CPU.Build.0 = Release|Any CPU
		{1EDE9B0B-EC6C-438B-AD35-0D5088B62929}.Release|iPhone.ActiveCfg = Release|Any CPU
		{1EDE9B0B-EC6C-438B-AD35-0D5088B62929}.Release|iPhone.Build.0 = Release|Any CPU
		{1EDE9B0B-EC6C-438B-AD35-0D5088B62929}.Release|iPhoneSimulator.ActiveCfg = Release|Any CPU
		{1EDE9B0B-EC6C-438B-AD35-0D5088B62929}.Release|iPhoneSimulator.Build.0 = Release|Any CPU
		{FAF6B00C-F183-44A8-A30F-4BC43A5DDBF5}.Debug|Any CPU.ActiveCfg = Debug|iPhoneSimulator
		{FAF6B00C-F183-44A8-A30F-4BC43A5DDBF5}.Debug|Any CPU.Build.0 = Debug|iPhoneSimulator
		{FAF6B00C-F183-44A8-A30F-4BC43A5DDBF5}.Debug|iPhone.ActiveCfg = Debug|iPhone
		{FAF6B00C-F183-44A8-A30F-4BC43A5DDBF5}.Debug|iPhone.Build.0 = Debug|iPhone
		{FAF6B00C-F183-44A8-A30F-4BC43A5DDBF5}.Debug|iPhoneSimulator.ActiveCfg = Debug|iPhoneSimulator
		{FAF6B00C-F183-44A8-A30F-4BC43A5DDBF5}.Debug|iPhoneSimulator.Build.0 = Debug|iPhoneSimulator
		{FAF6B00C-F183-44A8-A30F-4BC43A5DDBF5}.Release|Any CPU.ActiveCfg = Release|iPhoneSimulator
		{FAF6B00C-F183-44A8-A30F-4BC43A5DDBF5}.Release|Any CPU.Build.0 = Release|iPhoneSimulator
		{FAF6B00C-F183-44A8-A30F-4BC43A5DDBF5}.Release|iPhone.ActiveCfg = Release|iPhone
		{FAF6B00C-F183-44A8-A30F-4BC43A5DDBF5}.Release|iPhone.Build.0 = Release|iPhone
		{FAF6B00C-F183-44A8-A30F-4BC43A5DDBF5}.Release|iPhoneSimulator.ActiveCfg = Release|iPhoneSimulator
		{FAF6B00C-F183-44A8-A30F-4BC43A5DDBF5}.Release|iPhoneSimulator.Build.0 = Release|iPhoneSimulator
	EndGlobalSection
	GlobalSection(SolutionProperties) = preSolution
		HideSolutionNode = FALSE
	EndGlobalSection
	GlobalSection(ExtensibilityGlobals) = postSolution
		SolutionGuid = {DA807AA0-B1B0-4370-8B93-391FCE8BF0DE}
	EndGlobalSection
	GlobalSection(NestedProjects) = preSolution
		{1EDE9B0B-EC6C-438B-AD35-0D5088B62929} = {0A11878F-301A-48FF-B256-FAA91FA436B8}
		{FAF6B00C-F183-44A8-A30F-4BC43A5DDBF5} = {0A11878F-301A-48FF-B256-FAA91FA436B8}
	EndGlobalSection
EndGlobal
